
Microsoft Visual Studio Solution File, Format Version 12.00
# Visual Studio Version 16
VisualStudioVersion = 16.0.31424.327
MinimumVisualStudioVersion = 10.0.40219.1
Project("{9A19103F-16F7-4668-BE54-9A1E7A4F7556}") = "compiLiasse_Desktop", "compiLiasse_Desktop\compiLiasse_Desktop.csproj", "{74CE7098-8654-4395-8ACA-BF1BA4EA0EB5}"
EndProject
Project("{9A19103F-16F7-4668-BE54-9A1E7A4F7556}") = "compiLiasse_Console", "..\compiLiasse_Console\compiLiasse_Console\compiLiasse_Console.csproj", "{CCFF3165-46CD-4F29-A5E7-A2317396D9D3}"
EndProject
Global
	GlobalSection(SolutionConfigurationPlatforms) = preSolution
		Debug|Any CPU = Debug|Any CPU
		Release|Any CPU = Release|Any CPU
	EndGlobalSection
	GlobalSection(ProjectConfigurationPlatforms) = postSolution
		{74CE7098-8654-4395-8ACA-BF1BA4EA0EB5}.Debug|Any CPU.ActiveCfg = Debug|Any CPU
		{74CE7098-8654-4395-8ACA-BF1BA4EA0EB5}.Debug|Any CPU.Build.0 = Debug|Any CPU
		{74CE7098-8654-4395-8ACA-BF1BA4EA0EB5}.Release|Any CPU.ActiveCfg = Release|Any CPU
		{74CE7098-8654-4395-8ACA-BF1BA4EA0EB5}.Release|Any CPU.Build.0 = Release|Any CPU
		{CCFF3165-46CD-4F29-A5E7-A2317396D9D3}.Debug|Any CPU.ActiveCfg = Debug|Any CPU
		{CCFF3165-46CD-4F29-A5E7-A2317396D9D3}.Debug|Any CPU.Build.0 = Debug|Any CPU
		{CCFF3165-46CD-4F29-A5E7-A2317396D9D3}.Release|Any CPU.ActiveCfg = Release|Any CPU
		{CCFF3165-46CD-4F29-A5E7-A2317396D9D3}.Release|Any CPU.Build.0 = Release|Any CPU
	EndGlobalSection
	GlobalSection(SolutionProperties) = preSolution
		HideSolutionNode = FALSE
	EndGlobalSection
	GlobalSection(ExtensibilityGlobals) = postSolution
		SolutionGuid = {CAA73ABB-ED31-431C-B1FB-51B60BC0BFB2}
	EndGlobalSection
EndGlobal
